# This file is automatically @generated by Cargo.
# It is not intended for manual editing.
version = 4

[[package]]
name = "bigalloc-user"
version = "0.1.0"
dependencies = [
 "helios-std",
]

[[package]]
name = "cat-user"
version = "0.1.0"
dependencies = [
 "helios-std",
]

[[package]]
name = "helios-std"
version = "0.1.0"

[[package]]
name = "hello-user"
version = "0.1.0"
dependencies = [
 "helios-std",
]

[[package]]
name = "ls-user"
version = "0.1.0"
dependencies = [
 "helios-std",
]

[[package]]
name = "mmap-user"
version = "0.1.0"
dependencies = [
 "helios-std",
]
